// !$*UTF8*$!
{
	archiveVersion = 1;
	classes = {
	};
	objectVersion = 46;
	objects = {

/* Begin PBXBuildFile section */
		090428F31B60E505006CBC59 /* AppDelegate.swift in Sources */ = {isa = PBXBuildFile; fileRef = 090428F21B60E505006CBC59 /* AppDelegate.swift */; };
		090428F81B60E505006CBC59 /* Main.storyboard in Resources */ = {isa = PBXBuildFile; fileRef = 090428F61B60E505006CBC59 /* Main.storyboard */; };
		090428FA1B60E505006CBC59 /* Images.xcassets in Resources */ = {isa = PBXBuildFile; fileRef = 090428F91B60E505006CBC59 /* Images.xcassets */; };
		090428FD1B60E505006CBC59 /* LaunchScreen.xib in Resources */ = {isa = PBXBuildFile; fileRef = 090428FB1B60E505006CBC59 /* LaunchScreen.xib */; };
		090429091B60E505006CBC59 /* LifeOfGameTests.swift in Sources */ = {isa = PBXBuildFile; fileRef = 090429081B60E505006CBC59 /* LifeOfGameTests.swift */; };
		090429201B60EC0F006CBC59 /* MomentsViewController.swift in Sources */ = {isa = PBXBuildFile; fileRef = 0904291F1B60EC0F006CBC59 /* MomentsViewController.swift */; };
		090429221B60EC1A006CBC59 /* GamesViewController.swift in Sources */ = {isa = PBXBuildFile; fileRef = 090429211B60EC1A006CBC59 /* GamesViewController.swift */; };
		090429241B60EC27006CBC59 /* MessagesViewController.swift in Sources */ = {isa = PBXBuildFile; fileRef = 090429231B60EC27006CBC59 /* MessagesViewController.swift */; };
		090429261B60EC31006CBC59 /* MineViewController.swift in Sources */ = {isa = PBXBuildFile; fileRef = 090429251B60EC31006CBC59 /* MineViewController.swift */; };
		0952A8461B62150E00994FB5 /* Realm.framework in Frameworks */ = {isa = PBXBuildFile; fileRef = 0952A8441B62150E00994FB5 /* Realm.framework */; };
		0952A8471B62150E00994FB5 /* RealmSwift.framework in Frameworks */ = {isa = PBXBuildFile; fileRef = 0952A8451B62150E00994FB5 /* RealmSwift.framework */; };
		3633200F7A07283EC8D2300B /* Pods_LifeOfGame.framework in Frameworks */ = {isa = PBXBuildFile; fileRef = D1B787F631C8341546583580 /* Pods_LifeOfGame.framework */; settings = {ATTRIBUTES = (Weak, ); }; };
/* End PBXBuildFile section */

/* Begin PBXContainerItemProxy section */
		090429031B60E505006CBC59 /* PBXContainerItemProxy */ = {
			isa = PBXContainerItemProxy;
			containerPortal = 090428E51B60E505006CBC59 /* Project object */;
			proxyType = 1;
			remoteGlobalIDString = 090428EC1B60E505006CBC59;
			remoteInfo = LifeOfGame;
		};
/* End PBXContainerItemProxy section */

/* Begin PBXFileReference section */
		090428ED1B60E505006CBC59 /* LifeOfGame.app */ = {isa = PBXFileReference; explicitFileType = wrapper.application; includeInIndex = 0; path = LifeOfGame.app; sourceTree = BUILT_PRODUCTS_DIR; };
		090428F11B60E505006CBC59 /* Info.plist */ = {isa = PBXFileReference; lastKnownFileType = text.plist.xml; path = Info.plist; sourceTree = "<group>"; };
		090428F21B60E505006CBC59 /* AppDelegate.swift */ = {isa = PBXFileReference; lastKnownFileType = sourcecode.swift; path = AppDelegate.swift; sourceTree = "<group>"; };
		090428F71B60E505006CBC59 /* Base */ = {isa = PBXFileReference; lastKnownFileType = file.storyboard; name = Base; path = Base.lproj/Main.storyboard; sourceTree = "<group>"; };
		090428F91B60E505006CBC59 /* Images.xcassets */ = {isa = PBXFileReference; lastKnownFileType = folder.assetcatalog; path = Images.xcassets; sourceTree = "<group>"; };
		090428FC1B60E505006CBC59 /* Base */ = {isa = PBXFileReference; lastKnownFileType = file.xib; name = Base; path = Base.lproj/LaunchScreen.xib; sourceTree = "<group>"; };
		090429021B60E505006CBC59 /* LifeOfGameTests.xctest */ = {isa = PBXFileReference; explicitFileType = wrapper.cfbundle; includeInIndex = 0; path = LifeOfGameTests.xctest; sourceTree = BUILT_PRODUCTS_DIR; };
		090429071B60E505006CBC59 /* Info.plist */ = {isa = PBXFileReference; lastKnownFileType = text.plist.xml; path = Info.plist; sourceTree = "<group>"; };
		090429081B60E505006CBC59 /* LifeOfGameTests.swift */ = {isa = PBXFileReference; lastKnownFileType = sourcecode.swift; path = LifeOfGameTests.swift; sourceTree = "<group>"; };
		090429191B60EAF4006CBC59 /* README.md */ = {isa = PBXFileReference; fileEncoding = 4; lastKnownFileType = net.daringfireball.markdown; path = README.md; sourceTree = SOURCE_ROOT; };
		0904291F1B60EC0F006CBC59 /* MomentsViewController.swift */ = {isa = PBXFileReference; fileEncoding = 4; lastKnownFileType = sourcecode.swift; path = MomentsViewController.swift; sourceTree = "<group>"; };
		090429211B60EC1A006CBC59 /* GamesViewController.swift */ = {isa = PBXFileReference; fileEncoding = 4; lastKnownFileType = sourcecode.swift; path = GamesViewController.swift; sourceTree = "<group>"; };
		090429231B60EC27006CBC59 /* MessagesViewController.swift */ = {isa = PBXFileReference; fileEncoding = 4; lastKnownFileType = sourcecode.swift; path = MessagesViewController.swift; sourceTree = "<group>"; };
		090429251B60EC31006CBC59 /* MineViewController.swift */ = {isa = PBXFileReference; fileEncoding = 4; lastKnownFileType = sourcecode.swift; path = MineViewController.swift; sourceTree = "<group>"; };
		0952A8441B62150E00994FB5 /* Realm.framework */ = {isa = PBXFileReference; lastKnownFileType = wrapper.framework; path = Realm.framework; sourceTree = "<group>"; };
		0952A8451B62150E00994FB5 /* RealmSwift.framework */ = {isa = PBXFileReference; lastKnownFileType = wrapper.framework; path = RealmSwift.framework; sourceTree = "<group>"; };
		44A70D74C401EC96AB67245F /* Pods-LifeOfGame.debug.xcconfig */ = {isa = PBXFileReference; includeInIndex = 1; lastKnownFileType = text.xcconfig; name = "Pods-LifeOfGame.debug.xcconfig"; path = "Pods/Target Support Files/Pods-LifeOfGame/Pods-LifeOfGame.debug.xcconfig"; sourceTree = "<group>"; };
		6F0E9C86C049EECBE59B0B51 /* Pods-LifeOfGame.release.xcconfig */ = {isa = PBXFileReference; includeInIndex = 1; lastKnownFileType = text.xcconfig; name = "Pods-LifeOfGame.release.xcconfig"; path = "Pods/Target Support Files/Pods-LifeOfGame/Pods-LifeOfGame.release.xcconfig"; sourceTree = "<group>"; };
		D1B787F631C8341546583580 /* Pods_LifeOfGame.framework */ = {isa = PBXFileReference; explicitFileType = wrapper.framework; includeInIndex = 0; path = Pods_LifeOfGame.framework; sourceTree = BUILT_PRODUCTS_DIR; };
/* End PBXFileReference section */

/* Begin PBXFrameworksBuildPhase section */
		090428EA1B60E505006CBC59 /* Frameworks */ = {
			isa = PBXFrameworksBuildPhase;
			buildActionMask = 2147483647;
			files = (
				0952A8461B62150E00994FB5 /* Realm.framework in Frameworks */,
				3633200F7A07283EC8D2300B /* Pods_LifeOfGame.framework in Frameworks */,
				0952A8471B62150E00994FB5 /* RealmSwift.framework in Frameworks */,
			);
			runOnlyForDeploymentPostprocessing = 0;
		};
		090428FF1B60E505006CBC59 /* Frameworks */ = {
			isa = PBXFrameworksBuildPhase;
			buildActionMask = 2147483647;
			files = (
			);
			runOnlyForDeploymentPostprocessing = 0;
		};
/* End PBXFrameworksBuildPhase section */

/* Begin PBXGroup section */
		090428E41B60E505006CBC59 = {
			isa = PBXGroup;
			children = (
				090428EF1B60E505006CBC59 /* LifeOfGame */,
				090429051B60E505006CBC59 /* LifeOfGameTests */,
				090428EE1B60E505006CBC59 /* Products */,
				5582EDF8D66FCA6C2A042D9B /* Pods */,
				21A5ABEF94937099789E80EF /* Frameworks */,
			);
			sourceTree = "<group>";
		};
		090428EE1B60E505006CBC59 /* Products */ = {
			isa = PBXGroup;
			children = (
				090428ED1B60E505006CBC59 /* LifeOfGame.app */,
				090429021B60E505006CBC59 /* LifeOfGameTests.xctest */,
			);
			name = Products;
			sourceTree = "<group>";
		};
		090428EF1B60E505006CBC59 /* LifeOfGame */ = {
			isa = PBXGroup;
			children = (
				090429191B60EAF4006CBC59 /* README.md */,
				090428F21B60E505006CBC59 /* AppDelegate.swift */,
				090429151B60E982006CBC59 /* Models */,
				090429181B60E9BA006CBC59 /* Services */,
				090429171B60E9AD006CBC59 /* Utilities */,
				090429161B60E998006CBC59 /* Vendors */,
				090429131B60E961006CBC59 /* Views */,
				090429121B60E93C006CBC59 /* ViewControllers */,
				090429141B60E977006CBC59 /* ViewModels */,
				090429271B60EC43006CBC59 /* Resources */,
				090428F01B60E505006CBC59 /* Supporting Files */,
			);
			path = LifeOfGame;
			sourceTree = "<group>";
		};
		090428F01B60E505006CBC59 /* Supporting Files */ = {
			isa = PBXGroup;
			children = (
				090428F11B60E505006CBC59 /* Info.plist */,
			);
			name = "Supporting Files";
			sourceTree = "<group>";
		};
		090429051B60E505006CBC59 /* LifeOfGameTests */ = {
			isa = PBXGroup;
			children = (
				090429081B60E505006CBC59 /* LifeOfGameTests.swift */,
				090429061B60E505006CBC59 /* Supporting Files */,
			);
			path = LifeOfGameTests;
			sourceTree = "<group>";
		};
		090429061B60E505006CBC59 /* Supporting Files */ = {
			isa = PBXGroup;
			children = (
				090429071B60E505006CBC59 /* Info.plist */,
			);
			name = "Supporting Files";
			sourceTree = "<group>";
		};
		090429121B60E93C006CBC59 /* ViewControllers */ = {
			isa = PBXGroup;
			children = (
				0904291B1B60EBF9006CBC59 /* Games */,
				0904291C1B60EBF9006CBC59 /* Messages */,
				0904291D1B60EBF9006CBC59 /* Mine */,
				0904291E1B60EBF9006CBC59 /* Moments */,
			);
			path = ViewControllers;
			sourceTree = "<group>";
		};
		090429131B60E961006CBC59 /* Views */ = {
			isa = PBXGroup;
			children = (
			);
			path = Views;
			sourceTree = "<group>";
		};
		090429141B60E977006CBC59 /* ViewModels */ = {
			isa = PBXGroup;
			children = (
			);
			path = ViewModels;
			sourceTree = "<group>";
		};
		090429151B60E982006CBC59 /* Models */ = {
			isa = PBXGroup;
			children = (
			);
			path = Models;
			sourceTree = "<group>";
		};
		090429161B60E998006CBC59 /* Vendors */ = {
			isa = PBXGroup;
			children = (
				0952A8431B62150E00994FB5 /* RealmSwift */,
			);
			path = Vendors;
			sourceTree = "<group>";
		};
		090429171B60E9AD006CBC59 /* Utilities */ = {
			isa = PBXGroup;
			children = (
			);
			path = Utilities;
			sourceTree = "<group>";
		};
		090429181B60E9BA006CBC59 /* Services */ = {
			isa = PBXGroup;
			children = (
			);
			path = Services;
			sourceTree = "<group>";
		};
		0904291B1B60EBF9006CBC59 /* Games */ = {
			isa = PBXGroup;
			children = (
				090429211B60EC1A006CBC59 /* GamesViewController.swift */,
			);
			path = Games;
			sourceTree = "<group>";
		};
		0904291C1B60EBF9006CBC59 /* Messages */ = {
			isa = PBXGroup;
			children = (
				090429231B60EC27006CBC59 /* MessagesViewController.swift */,
			);
			path = Messages;
			sourceTree = "<group>";
		};
		0904291D1B60EBF9006CBC59 /* Mine */ = {
			isa = PBXGroup;
			children = (
				090429251B60EC31006CBC59 /* MineViewController.swift */,
			);
			path = Mine;
			sourceTree = "<group>";
		};
		0904291E1B60EBF9006CBC59 /* Moments */ = {
			isa = PBXGroup;
			children = (
				0904291F1B60EC0F006CBC59 /* MomentsViewController.swift */,
			);
			path = Moments;
			sourceTree = "<group>";
		};
		090429271B60EC43006CBC59 /* Resources */ = {
			isa = PBXGroup;
			children = (
				090428F61B60E505006CBC59 /* Main.storyboard */,
				090428F91B60E505006CBC59 /* Images.xcassets */,
				090428FB1B60E505006CBC59 /* LaunchScreen.xib */,
			);
			name = Resources;
			sourceTree = "<group>";
		};
		0952A8431B62150E00994FB5 /* RealmSwift */ = {
			isa = PBXGroup;
			children = (
				0952A8441B62150E00994FB5 /* Realm.framework */,
				0952A8451B62150E00994FB5 /* RealmSwift.framework */,
			);
			path = RealmSwift;
			sourceTree = "<group>";
		};
		21A5ABEF94937099789E80EF /* Frameworks */ = {
			isa = PBXGroup;
			children = (
				D1B787F631C8341546583580 /* Pods_LifeOfGame.framework */,
			);
			name = Frameworks;
			sourceTree = "<group>";
		};
		5582EDF8D66FCA6C2A042D9B /* Pods */ = {
			isa = PBXGroup;
			children = (
				44A70D74C401EC96AB67245F /* Pods-LifeOfGame.debug.xcconfig */,
				6F0E9C86C049EECBE59B0B51 /* Pods-LifeOfGame.release.xcconfig */,
			);
			name = Pods;
			sourceTree = "<group>";
		};
/* End PBXGroup section */

/* Begin PBXNativeTarget section */
		090428EC1B60E505006CBC59 /* LifeOfGame */ = {
			isa = PBXNativeTarget;
			buildConfigurationList = 0904290C1B60E505006CBC59 /* Build configuration list for PBXNativeTarget "LifeOfGame" */;
			buildPhases = (
				429F0F9A983E69898083689A /* Check Pods Manifest.lock */,
				090428E91B60E505006CBC59 /* Sources */,
				090428EA1B60E505006CBC59 /* Frameworks */,
				090428EB1B60E505006CBC59 /* Resources */,
				E2E9A3B847F782556D044EEF /* Embed Pods Frameworks */,
				C747568F0E1DB6AFBB6975F4 /* Copy Pods Resources */,
			);
			buildRules = (
			);
			dependencies = (
			);
			name = LifeOfGame;
			productName = LifeOfGame;
			productReference = 090428ED1B60E505006CBC59 /* LifeOfGame.app */;
			productType = "com.apple.product-type.application";
		};
		090429011B60E505006CBC59 /* LifeOfGameTests */ = {
			isa = PBXNativeTarget;
			buildConfigurationList = 0904290F1B60E505006CBC59 /* Build configuration list for PBXNativeTarget "LifeOfGameTests" */;
			buildPhases = (
				090428FE1B60E505006CBC59 /* Sources */,
				090428FF1B60E505006CBC59 /* Frameworks */,
				090429001B60E505006CBC59 /* Resources */,
			);
			buildRules = (
			);
			dependencies = (
				090429041B60E505006CBC59 /* PBXTargetDependency */,
			);
			name = LifeOfGameTests;
			productName = LifeOfGameTests;
			productReference = 090429021B60E505006CBC59 /* LifeOfGameTests.xctest */;
			productType = "com.apple.product-type.bundle.unit-test";
		};
/* End PBXNativeTarget section */

/* Begin PBXProject section */
		090428E51B60E505006CBC59 /* Project object */ = {
			isa = PBXProject;
			attributes = {
				LastUpgradeCheck = 0640;
				ORGANIZATIONNAME = "Luyang Huang";
				TargetAttributes = {
					090428EC1B60E505006CBC59 = {
						CreatedOnToolsVersion = 6.4;
					};
					090429011B60E505006CBC59 = {
						CreatedOnToolsVersion = 6.4;
						TestTargetID = 090428EC1B60E505006CBC59;
					};
				};
			};
			buildConfigurationList = 090428E81B60E505006CBC59 /* Build configuration list for PBXProject "LifeOfGame" */;
			compatibilityVersion = "Xcode 3.2";
			developmentRegion = English;
			hasScannedForEncodings = 0;
			knownRegions = (
				en,
				Base,
			);
			mainGroup = 090428E41B60E505006CBC59;
			productRefGroup = 090428EE1B60E505006CBC59 /* Products */;
			projectDirPath = "";
			projectRoot = "";
			targets = (
				090428EC1B60E505006CBC59 /* LifeOfGame */,
				090429011B60E505006CBC59 /* LifeOfGameTests */,
			);
		};
/* End PBXProject section */

/* Begin PBXResourcesBuildPhase section */
		090428EB1B60E505006CBC59 /* Resources */ = {
			isa = PBXResourcesBuildPhase;
			buildActionMask = 2147483647;
			files = (
				090428F81B60E505006CBC59 /* Main.storyboard in Resources */,
				090428FD1B60E505006CBC59 /* LaunchScreen.xib in Resources */,
				090428FA1B60E505006CBC59 /* Images.xcassets in Resources */,
			);
			runOnlyForDeploymentPostprocessing = 0;
		};
		090429001B60E505006CBC59 /* Resources */ = {
			isa = PBXResourcesBuildPhase;
			buildActionMask = 2147483647;
			files = (
			);
			runOnlyForDeploymentPostprocessing = 0;
		};
/* End PBXResourcesBuildPhase section */

/* Begin PBXShellScriptBuildPhase section */
		429F0F9A983E69898083689A /* Check Pods Manifest.lock */ = {
			isa = PBXShellScriptBuildPhase;
			buildActionMask = 2147483647;
			files = (
			);
			inputPaths = (
			);
			name = "Check Pods Manifest.lock";
			outputPaths = (
			);
			runOnlyForDeploymentPostprocessing = 0;
			shellPath = /bin/sh;
			shellScript = "diff \"${PODS_ROOT}/../Podfile.lock\" \"${PODS_ROOT}/Manifest.lock\" > /dev/null\nif [[ $? != 0 ]] ; then\n    cat << EOM\nerror: The sandbox is not in sync with the Podfile.lock. Run 'pod install' or update your CocoaPods installation.\nEOM\n    exit 1\nfi\n";
			showEnvVarsInLog = 0;
		};
		C747568F0E1DB6AFBB6975F4 /* Copy Pods Resources */ = {
			isa = PBXShellScriptBuildPhase;
			buildActionMask = 2147483647;
			files = (
			);
			inputPaths = (
			);
			name = "Copy Pods Resources";
			outputPaths = (
			);
			runOnlyForDeploymentPostprocessing = 0;
			shellPath = /bin/sh;
			shellScript = "\"${SRCROOT}/Pods/Target Support Files/Pods-LifeOfGame/Pods-LifeOfGame-resources.sh\"\n";
			showEnvVarsInLog = 0;
		};
		E2E9A3B847F782556D044EEF /* Embed Pods Frameworks */ = {
			isa = PBXShellScriptBuildPhase;
			buildActionMask = 2147483647;
			files = (
			);
			inputPaths = (
			);
			name = "Embed Pods Frameworks";
			outputPaths = (
			);
			runOnlyForDeploymentPostprocessing = 0;
			shellPath = /bin/sh;
			shellScript = "\"${SRCROOT}/Pods/Target Support Files/Pods-LifeOfGame/Pods-LifeOfGame-frameworks.sh\"\n";
			showEnvVarsInLog = 0;
		};
/* End PBXShellScriptBuildPhase section */

/* Begin PBXSourcesBuildPhase section */
		090428E91B60E505006CBC59 /* Sources */ = {
			isa = PBXSourcesBuildPhase;
			buildActionMask = 2147483647;
			files = (
				090429241B60EC27006CBC59 /* MessagesViewController.swift in Sources */,
				090429221B60EC1A006CBC59 /* GamesViewController.swift in Sources */,
				090428F31B60E505006CBC59 /* AppDelegate.swift in Sources */,
				090429201B60EC0F006CBC59 /* MomentsViewController.swift in Sources */,
				090429261B60EC31006CBC59 /* MineViewController.swift in Sources */,
			);
			runOnlyForDeploymentPostprocessing = 0;
		};
		090428FE1B60E505006CBC59 /* Sources */ = {
			isa = PBXSourcesBuildPhase;
			buildActionMask = 2147483647;
			files = (
				090429091B60E505006CBC59 /* LifeOfGameTests.swift in Sources */,
			);
			runOnlyForDeploymentPostprocessing = 0;
		};
/* End PBXSourcesBuildPhase section */

/* Begin PBXTargetDependency section */
		090429041B60E505006CBC59 /* PBXTargetDependency */ = {
			isa = PBXTargetDependency;
			target = 090428EC1B60E505006CBC59 /* LifeOfGame */;
			targetProxy = 090429031B60E505006CBC59 /* PBXContainerItemProxy */;
		};
/* End PBXTargetDependency section */

/* Begin PBXVariantGroup section */
		090428F61B60E505006CBC59 /* Main.storyboard */ = {
			isa = PBXVariantGroup;
			children = (
				090428F71B60E505006CBC59 /* Base */,
			);
			name = Main.storyboard;
			sourceTree = "<group>";
		};
		090428FB1B60E505006CBC59 /* LaunchScreen.xib */ = {
			isa = PBXVariantGroup;
			children = (
				090428FC1B60E505006CBC59 /* Base */,
			);
			name = LaunchScreen.xib;
			sourceTree = "<group>";
		};
/* End PBXVariantGroup section */

/* Begin XCBuildConfiguration section */
		0904290A1B60E505006CBC59 /* Debug */ = {
			isa = XCBuildConfiguration;
			buildSettings = {
				ALWAYS_SEARCH_USER_PATHS = NO;
				CLANG_CXX_LANGUAGE_STANDARD = "gnu++0x";
				CLANG_CXX_LIBRARY = "libc++";
				CLANG_ENABLE_MODULES = YES;
				CLANG_ENABLE_OBJC_ARC = YES;
				CLANG_WARN_BOOL_CONVERSION = YES;
				CLANG_WARN_CONSTANT_CONVERSION = YES;
				CLANG_WARN_DIRECT_OBJC_ISA_USAGE = YES_ERROR;
				CLANG_WARN_EMPTY_BODY = YES;
				CLANG_WARN_ENUM_CONVERSION = YES;
				CLANG_WARN_INT_CONVERSION = YES;
				CLANG_WARN_OBJC_ROOT_CLASS = YES_ERROR;
				CLANG_WARN_UNREACHABLE_CODE = YES;
				CLANG_WARN__DUPLICATE_METHOD_MATCH = YES;
				"CODE_SIGN_IDENTITY[sdk=iphoneos*]" = "iPhone Developer";
				COPY_PHASE_STRIP = NO;
				DEBUG_INFORMATION_FORMAT = "dwarf-with-dsym";
				ENABLE_STRICT_OBJC_MSGSEND = YES;
				GCC_C_LANGUAGE_STANDARD = gnu99;
				GCC_DYNAMIC_NO_PIC = NO;
				GCC_NO_COMMON_BLOCKS = YES;
				GCC_OPTIMIZATION_LEVEL = 0;
				GCC_PREPROCESSOR_DEFINITIONS = (
					"DEBUG=1",
					"$(inherited)",
				);
				GCC_SYMBOLS_PRIVATE_EXTERN = NO;
				GCC_WARN_64_TO_32_BIT_CONVERSION = YES;
				GCC_WARN_ABOUT_RETURN_TYPE = YES_ERROR;
				GCC_WARN_UNDECLARED_SELECTOR = YES;
				GCC_WARN_UNINITIALIZED_AUTOS = YES_AGGRESSIVE;
				GCC_WARN_UNUSED_FUNCTION = YES;
				GCC_WARN_UNUSED_VARIABLE = YES;
				IPHONEOS_DEPLOYMENT_TARGET = 8.4;
				MTL_ENABLE_DEBUG_INFO = YES;
				ONLY_ACTIVE_ARCH = YES;
				SDKROOT = iphoneos;
				SWIFT_OPTIMIZATION_LEVEL = "-Onone";
				TARGETED_DEVICE_FAMILY = "1,2";
			};
			name = Debug;
		};
		0904290B1B60E505006CBC59 /* Release */ = {
			isa = XCBuildConfiguration;
			buildSettings = {
				ALWAYS_SEARCH_USER_PATHS = NO;
				CLANG_CXX_LANGUAGE_STANDARD = "gnu++0x";
				CLANG_CXX_LIBRARY = "libc++";
				CLANG_ENABLE_MODULES = YES;
				CLANG_ENABLE_OBJC_ARC = YES;
				CLANG_WARN_BOOL_CONVERSION = YES;
				CLANG_WARN_CONSTANT_CONVERSION = YES;
				CLANG_WARN_DIRECT_OBJC_ISA_USAGE = YES_ERROR;
				CLANG_WARN_EMPTY_BODY = YES;
				CLANG_WARN_ENUM_CONVERSION = YES;
				CLANG_WARN_INT_CONVERSION = YES;
				CLANG_WARN_OBJC_ROOT_CLASS = YES_ERROR;
				CLANG_WARN_UNREACHABLE_CODE = YES;
				CLANG_WARN__DUPLICATE_METHOD_MATCH = YES;
				"CODE_SIGN_IDENTITY[sdk=iphoneos*]" = "iPhone Developer";
				COPY_PHASE_STRIP = NO;
				DEBUG_INFORMATION_FORMAT = "dwarf-with-dsym";
				ENABLE_NS_ASSERTIONS = NO;
				ENABLE_STRICT_OBJC_MSGSEND = YES;
				GCC_C_LANGUAGE_STANDARD = gnu99;
				GCC_NO_COMMON_BLOCKS = YES;
				GCC_WARN_64_TO_32_BIT_CONVERSION = YES;
				GCC_WARN_ABOUT_RETURN_TYPE = YES_ERROR;
				GCC_WARN_UNDECLARED_SELECTOR = YES;
				GCC_WARN_UNINITIALIZED_AUTOS = YES_AGGRESSIVE;
				GCC_WARN_UNUSED_FUNCTION = YES;
				GCC_WARN_UNUSED_VARIABLE = YES;
				IPHONEOS_DEPLOYMENT_TARGET = 8.4;
				MTL_ENABLE_DEBUG_INFO = NO;
				SDKROOT = iphoneos;
				TARGETED_DEVICE_FAMILY = "1,2";
				VALIDATE_PRODUCT = YES;
			};
			name = Release;
		};
		0904290D1B60E505006CBC59 /* Debug */ = {
			isa = XCBuildConfiguration;
			baseConfigurationReference = 44A70D74C401EC96AB67245F /* Pods-LifeOfGame.debug.xcconfig */;
			buildSettings = {
				ASSETCATALOG_COMPILER_APPICON_NAME = AppIcon;
				FRAMEWORK_SEARCH_PATHS = (
					"$(inherited)",
					"$(PROJECT_DIR)/LifeOfGame/Vendors/RealmSwift",
				);
				INFOPLIST_FILE = LifeOfGame/Info.plist;
				LD_RUNPATH_SEARCH_PATHS = "$(inherited) @executable_path/Frameworks";
				PRODUCT_NAME = "$(TARGET_NAME)";
			};
			name = Debug;
		};
		0904290E1B60E505006CBC59 /* Release */ = {
			isa = XCBuildConfiguration;
			baseConfigurationReference = 6F0E9C86C049EECBE59B0B51 /* Pods-LifeOfGame.release.xcconfig */;
			buildSettings = {
				ASSETCATALOG_COMPILER_APPICON_NAME = AppIcon;
				FRAMEWORK_SEARCH_PATHS = (
					"$(inherited)",
					"$(PROJECT_DIR)/LifeOfGame/Vendors/RealmSwift",
				);
				INFOPLIST_FILE = LifeOfGame/Info.plist;
				LD_RUNPATH_SEARCH_PATHS = "$(inherited) @executable_path/Frameworks";
				PRODUCT_NAME = "$(TARGET_NAME)";
			};
			name = Release;
		};
		090429101B60E505006CBC59 /* Debug */ = {
			isa = XCBuildConfiguration;
			buildSettings = {
				BUNDLE_LOADER = "$(TEST_HOST)";
				FRAMEWORK_SEARCH_PATHS = (
					"$(SDKROOT)/Developer/Library/Frameworks",
					"$(inherited)",
				);
				GCC_PREPROCESSOR_DEFINITIONS = (
					"DEBUG=1",
					"$(inherited)",
				);
				INFOPLIST_FILE = LifeOfGameTests/Info.plist;
				LD_RUNPATH_SEARCH_PATHS = "$(inherited) @executable_path/Frameworks @loader_path/Frameworks";
				PRODUCT_NAME = "$(TARGET_NAME)";
				TEST_HOST = "$(BUILT_PRODUCTS_DIR)/LifeOfGame.app/LifeOfGame";
			};
			name = Debug;
		};
		090429111B60E505006CBC59 /* Release */ = {
			isa = XCBuildConfiguration;
			buildSettings = {
				BUNDLE_LOADER = "$(TEST_HOST)";
				FRAMEWORK_SEARCH_PATHS = (
					"$(SDKROOT)/Developer/Library/Frameworks",
					"$(inherited)",
				);
				INFOPLIST_FILE = LifeOfGameTests/Info.plist;
				LD_RUNPATH_SEARCH_PATHS = "$(inherited) @executable_path/Frameworks @loader_path/Frameworks";
				PRODUCT_NAME = "$(TARGET_NAME)";
				TEST_HOST = "$(BUILT_PRODUCTS_DIR)/LifeOfGame.app/LifeOfGame";
			};
			name = Release;
		};
/* End XCBuildConfiguration section */

/* Begin XCConfigurationList section */
		090428E81B60E505006CBC59 /* Build configuration list for PBXProject "LifeOfGame" */ = {
			isa = XCConfigurationList;
			buildConfigurations = (
				0904290A1B60E505006CBC59 /* Debug */,
				0904290B1B60E505006CBC59 /* Release */,
			);
			defaultConfigurationIsVisible = 0;
			defaultConfigurationName = Release;
		};
		0904290C1B60E505006CBC59 /* Build configuration list for PBXNativeTarget "LifeOfGame" */ = {
			isa = XCConfigurationList;
			buildConfigurations = (
				0904290D1B60E505006CBC59 /* Debug */,
				0904290E1B60E505006CBC59 /* Release */,
			);
			defaultConfigurationIsVisible = 0;
			defaultConfigurationName = Release;
		};
		0904290F1B60E505006CBC59 /* Build configuration list for PBXNativeTarget "LifeOfGameTests" */ = {
			isa = XCConfigurationList;
			buildConfigurations = (
				090429101B60E505006CBC59 /* Debug */,
				090429111B60E505006CBC59 /* Release */,
			);
			defaultConfigurationIsVisible = 0;
			defaultConfigurationName = Release;
		};
/* End XCConfigurationList section */
	};
	rootObject = 090428E51B60E505006CBC59 /* Project object */;
}
